
Microsoft Visual Studio Solution File, Format Version 12.00
# Visual Studio Version 17
VisualStudioVersion = 17.5.002.0
MinimumVisualStudioVersion = 10.0.40219.1
Project("{9A19103F-16F7-4668-BE54-9A1E7A4F7556}") = "CustoEnergia", "CustoEnergia.csproj", "{BBA325A9-1E9A-4E5B-A820-2C8FBC53B1BB}"
EndProject
Global
	GlobalSection(SolutionConfigurationPlatforms) = preSolution
		Debug|Any CPU = Debug|Any CPU
		Release|Any CPU = Release|Any CPU
	EndGlobalSection
	GlobalSection(ProjectConfigurationPlatforms) = postSolution
		{BBA325A9-1E9A-4E5B-A820-2C8FBC53B1BB}.Debug|Any CPU.ActiveCfg = Debug|Any CPU
		{BBA325A9-1E9A-4E5B-A820-2C8FBC53B1BB}.Debug|Any CPU.Build.0 = Debug|Any CPU
		{BBA325A9-1E9A-4E5B-A820-2C8FBC53B1BB}.Release|Any CPU.ActiveCfg = Release|Any CPU
		{BBA325A9-1E9A-4E5B-A820-2C8FBC53B1BB}.Release|Any CPU.Build.0 = Release|Any CPU
	EndGlobalSection
	GlobalSection(SolutionProperties) = preSolution
		HideSolutionNode = FALSE
	EndGlobalSection
	GlobalSection(ExtensibilityGlobals) = postSolution
		SolutionGuid = {84A30A1A-4B94-482E-B064-91828EF72289}
	EndGlobalSection
EndGlobal
